
Microsoft Visual Studio Solution File, Format Version 12.00
# Visual Studio Version 16
VisualStudioVersion = 16.0.30621.155
MinimumVisualStudioVersion = 10.0.40219.1
Project("{FAE04EC0-301F-11D3-BF4B-00C04F79EFBC}") = "WP_2020_01_HW01_9A713021", "WP_2020_01_HW01_9A713021\WP_2020_01_HW01_9A713021.csproj", "{B2931A79-2C8A-4DCF-B8D9-E72E58B636C2}"
EndProject
Global
	GlobalSection(SolutionConfigurationPlatforms) = preSolution
		Debug|Any CPU = Debug|Any CPU
		Release|Any CPU = Release|Any CPU
	EndGlobalSection
	GlobalSection(ProjectConfigurationPlatforms) = postSolution
		{B2931A79-2C8A-4DCF-B8D9-E72E58B636C2}.Debug|Any CPU.ActiveCfg = Debug|Any CPU
		{B2931A79-2C8A-4DCF-B8D9-E72E58B636C2}.Debug|Any CPU.Build.0 = Debug|Any CPU
		{B2931A79-2C8A-4DCF-B8D9-E72E58B636C2}.Release|Any CPU.ActiveCfg = Release|Any CPU
		{B2931A79-2C8A-4DCF-B8D9-E72E58B636C2}.Release|Any CPU.Build.0 = Release|Any CPU
	EndGlobalSection
	GlobalSection(SolutionProperties) = preSolution
		HideSolutionNode = FALSE
	EndGlobalSection
	GlobalSection(ExtensibilityGlobals) = postSolution
		SolutionGuid = {DBEE4553-D0EF-4703-9AF4-60984C6C4838}
	EndGlobalSection
EndGlobal
